// !$*UTF8*$!
{
	archiveVersion = 1;
	classes = {
	};
	objectVersion = 46;
	objects = {

/* Begin PBXBuildFile section */
		1A1B02CB18AAF00D000DE3F8 /* HAPaperCollectionViewController.m in Sources */ = {isa = PBXBuildFile; fileRef = 1A1B02CA18AAF00D000DE3F8 /* HAPaperCollectionViewController.m */; };
		1A1B02D918AAF0B9000DE3F8 /* HATransitionController.m in Sources */ = {isa = PBXBuildFile; fileRef = 1A1B02D318AAF0B9000DE3F8 /* HATransitionController.m */; };
		1A1B02DA18AAF0B9000DE3F8 /* HATransitionLayout.m in Sources */ = {isa = PBXBuildFile; fileRef = 1A1B02D518AAF0B9000DE3F8 /* HATransitionLayout.m */; };
		1A1B02DF18AAF68A000DE3F8 /* HASmallCollectionViewController.m in Sources */ = {isa = PBXBuildFile; fileRef = 1A1B02DE18AAF68A000DE3F8 /* HASmallCollectionViewController.m */; };
		1AA0CC1918A07EBC008F50F6 /* Foundation.framework in Frameworks */ = {isa = PBXBuildFile; fileRef = 1AA0CC1818A07EBC008F50F6 /* Foundation.framework */; };
		1AA0CC1B18A07EBC008F50F6 /* CoreGraphics.framework in Frameworks */ = {isa = PBXBuildFile; fileRef = 1AA0CC1A18A07EBC008F50F6 /* CoreGraphics.framework */; };
		1AA0CC1D18A07EBC008F50F6 /* UIKit.framework in Frameworks */ = {isa = PBXBuildFile; fileRef = 1AA0CC1C18A07EBC008F50F6 /* UIKit.framework */; };
		1AA0CC2318A07EBC008F50F6 /* InfoPlist.strings in Resources */ = {isa = PBXBuildFile; fileRef = 1AA0CC2118A07EBC008F50F6 /* InfoPlist.strings */; };
		1AA0CC2518A07EBC008F50F6 /* main.m in Sources */ = {isa = PBXBuildFile; fileRef = 1AA0CC2418A07EBC008F50F6 /* main.m */; };
		1AA0CC2918A07EBC008F50F6 /* HAAppDelegate.m in Sources */ = {isa = PBXBuildFile; fileRef = 1AA0CC2818A07EBC008F50F6 /* HAAppDelegate.m */; };
		1AA0CC2C18A07EBC008F50F6 /* Main.storyboard in Resources */ = {isa = PBXBuildFile; fileRef = 1AA0CC2A18A07EBC008F50F6 /* Main.storyboard */; };
		1AA0CC2F18A07EBC008F50F6 /* HAViewController.m in Sources */ = {isa = PBXBuildFile; fileRef = 1AA0CC2E18A07EBC008F50F6 /* HAViewController.m */; };
		1AA0CC3118A07EBC008F50F6 /* Images.xcassets in Resources */ = {isa = PBXBuildFile; fileRef = 1AA0CC3018A07EBC008F50F6 /* Images.xcassets */; };
		1AA0CC3818A07EBC008F50F6 /* XCTest.framework in Frameworks */ = {isa = PBXBuildFile; fileRef = 1AA0CC3718A07EBC008F50F6 /* XCTest.framework */; };
		1AA0CC3918A07EBC008F50F6 /* Foundation.framework in Frameworks */ = {isa = PBXBuildFile; fileRef = 1AA0CC1818A07EBC008F50F6 /* Foundation.framework */; };
		1AA0CC3A18A07EBC008F50F6 /* UIKit.framework in Frameworks */ = {isa = PBXBuildFile; fileRef = 1AA0CC1C18A07EBC008F50F6 /* UIKit.framework */; };
		1AA0CC4218A07EBC008F50F6 /* InfoPlist.strings in Resources */ = {isa = PBXBuildFile; fileRef = 1AA0CC4018A07EBC008F50F6 /* InfoPlist.strings */; };
		1AA0CC4418A07EBC008F50F6 /* PaperTests.m in Sources */ = {isa = PBXBuildFile; fileRef = 1AA0CC4318A07EBC008F50F6 /* PaperTests.m */; };
		1AFA136D18A11E2400F2D2BF /* HACollectionViewSmallLayout.m in Sources */ = {isa = PBXBuildFile; fileRef = 1AFA136C18A11E2400F2D2BF /* HACollectionViewSmallLayout.m */; };
		1AFA137018A11F5D00F2D2BF /* HACollectionViewLargeLayout.m in Sources */ = {isa = PBXBuildFile; fileRef = 1AFA136F18A11F5D00F2D2BF /* HACollectionViewLargeLayout.m */; };
/* End PBXBuildFile section */

/* Begin PBXContainerItemProxy section */
		1AA0CC3B18A07EBC008F50F6 /* PBXContainerItemProxy */ = {
			isa = PBXContainerItemProxy;
			containerPortal = 1AA0CC0D18A07EBC008F50F6 /* Project object */;
			proxyType = 1;
			remoteGlobalIDString = 1AA0CC1418A07EBC008F50F6;
			remoteInfo = Paper;
		};
/* End PBXContainerItemProxy section */

/* Begin PBXFileReference section */
		1A1B02C918AAF00D000DE3F8 /* HAPaperCollectionViewController.h */ = {isa = PBXFileReference; fileEncoding = 4; lastKnownFileType = sourcecode.c.h; path = HAPaperCollectionViewController.h; sourceTree = "<group>"; };
		1A1B02CA18AAF00D000DE3F8 /* HAPaperCollectionViewController.m */ = {isa = PBXFileReference; fileEncoding = 4; lastKnownFileType = sourcecode.c.objc; path = HAPaperCollectionViewController.m; sourceTree = "<group>"; };
		1A1B02D218AAF0B9000DE3F8 /* HATransitionController.h */ = {isa = PBXFileReference; fileEncoding = 4; lastKnownFileType = sourcecode.c.h; path = HATransitionController.h; sourceTree = "<group>"; };
		1A1B02D318AAF0B9000DE3F8 /* HATransitionController.m */ = {isa = PBXFileReference; fileEncoding = 4; lastKnownFileType = sourcecode.c.objc; path = HATransitionController.m; sourceTree = "<group>"; };
		1A1B02D418AAF0B9000DE3F8 /* HATransitionLayout.h */ = {isa = PBXFileReference; fileEncoding = 4; lastKnownFileType = sourcecode.c.h; path = HATransitionLayout.h; sourceTree = "<group>"; };
		1A1B02D518AAF0B9000DE3F8 /* HATransitionLayout.m */ = {isa = PBXFileReference; fileEncoding = 4; lastKnownFileType = sourcecode.c.objc; path = HATransitionLayout.m; sourceTree = "<group>"; };
		1A1B02DD18AAF68A000DE3F8 /* HASmallCollectionViewController.h */ = {isa = PBXFileReference; fileEncoding = 4; lastKnownFileType = sourcecode.c.h; path = HASmallCollectionViewController.h; sourceTree = "<group>"; };
		1A1B02DE18AAF68A000DE3F8 /* HASmallCollectionViewController.m */ = {isa = PBXFileReference; fileEncoding = 4; lastKnownFileType = sourcecode.c.objc; path = HASmallCollectionViewController.m; sourceTree = "<group>"; };
		1AA0CC1518A07EBC008F50F6 /* Paper.app */ = {isa = PBXFileReference; explicitFileType = wrapper.application; includeInIndex = 0; path = Paper.app; sourceTree = BUILT_PRODUCTS_DIR; };
		1AA0CC1818A07EBC008F50F6 /* Foundation.framework */ = {isa = PBXFileReference; lastKnownFileType = wrapper.framework; name = Foundation.framework; path = System/Library/Frameworks/Foundation.framework; sourceTree = SDKROOT; };
		1AA0CC1A18A07EBC008F50F6 /* CoreGraphics.framework */ = {isa = PBXFileReference; lastKnownFileType = wrapper.framework; name = CoreGraphics.framework; path = System/Library/Frameworks/CoreGraphics.framework; sourceTree = SDKROOT; };
		1AA0CC1C18A07EBC008F50F6 /* UIKit.framework */ = {isa = PBXFileReference; lastKnownFileType = wrapper.framework; name = UIKit.framework; path = System/Library/Frameworks/UIKit.framework; sourceTree = SDKROOT; };
		1AA0CC2018A07EBC008F50F6 /* Paper-Info.plist */ = {isa = PBXFileReference; lastKnownFileType = text.plist.xml; path = "Paper-Info.plist"; sourceTree = "<group>"; };
		1AA0CC2218A07EBC008F50F6 /* en */ = {isa = PBXFileReference; lastKnownFileType = text.plist.strings; name = en; path = en.lproj/InfoPlist.strings; sourceTree = "<group>"; };
		1AA0CC2418A07EBC008F50F6 /* main.m */ = {isa = PBXFileReference; lastKnownFileType = sourcecode.c.objc; path = main.m; sourceTree = "<group>"; };
		1AA0CC2618A07EBC008F50F6 /* Paper-Prefix.pch */ = {isa = PBXFileReference; lastKnownFileType = sourcecode.c.h; path = "Paper-Prefix.pch"; sourceTree = "<group>"; };
		1AA0CC2718A07EBC008F50F6 /* HAAppDelegate.h */ = {isa = PBXFileReference; lastKnownFileType = sourcecode.c.h; path = HAAppDelegate.h; sourceTree = "<group>"; };
		1AA0CC2818A07EBC008F50F6 /* HAAppDelegate.m */ = {isa = PBXFileReference; lastKnownFileType = sourcecode.c.objc; path = HAAppDelegate.m; sourceTree = "<group>"; };
		1AA0CC2B18A07EBC008F50F6 /* Base */ = {isa = PBXFileReference; lastKnownFileType = file.storyboard; name = Base; path = Base.lproj/Main.storyboard; sourceTree = "<group>"; };
		1AA0CC2D18A07EBC008F50F6 /* HAViewController.h */ = {isa = PBXFileReference; lastKnownFileType = sourcecode.c.h; path = HAViewController.h; sourceTree = "<group>"; };
		1AA0CC2E18A07EBC008F50F6 /* HAViewController.m */ = {isa = PBXFileReference; lastKnownFileType = sourcecode.c.objc; path = HAViewController.m; sourceTree = "<group>"; };
		1AA0CC3018A07EBC008F50F6 /* Images.xcassets */ = {isa = PBXFileReference; lastKnownFileType = folder.assetcatalog; path = Images.xcassets; sourceTree = "<group>"; };
		1AA0CC3618A07EBC008F50F6 /* PaperTests.xctest */ = {isa = PBXFileReference; explicitFileType = wrapper.cfbundle; includeInIndex = 0; path = PaperTests.xctest; sourceTree = BUILT_PRODUCTS_DIR; };
		1AA0CC3718A07EBC008F50F6 /* XCTest.framework */ = {isa = PBXFileReference; lastKnownFileType = wrapper.framework; name = XCTest.framework; path = Library/Frameworks/XCTest.framework; sourceTree = DEVELOPER_DIR; };
		1AA0CC3F18A07EBC008F50F6 /* PaperTests-Info.plist */ = {isa = PBXFileReference; lastKnownFileType = text.plist.xml; path = "PaperTests-Info.plist"; sourceTree = "<group>"; };
		1AA0CC4118A07EBC008F50F6 /* en */ = {isa = PBXFileReference; lastKnownFileType = text.plist.strings; name = en; path = en.lproj/InfoPlist.strings; sourceTree = "<group>"; };
		1AA0CC4318A07EBC008F50F6 /* PaperTests.m */ = {isa = PBXFileReference; lastKnownFileType = sourcecode.c.objc; path = PaperTests.m; sourceTree = "<group>"; };
		1AFA136B18A11E2400F2D2BF /* HACollectionViewSmallLayout.h */ = {isa = PBXFileReference; fileEncoding = 4; lastKnownFileType = sourcecode.c.h; path = HACollectionViewSmallLayout.h; sourceTree = "<group>"; };
		1AFA136C18A11E2400F2D2BF /* HACollectionViewSmallLayout.m */ = {isa = PBXFileReference; fileEncoding = 4; lastKnownFileType = sourcecode.c.objc; path = HACollectionViewSmallLayout.m; sourceTree = "<group>"; };
		1AFA136E18A11F5D00F2D2BF /* HACollectionViewLargeLayout.h */ = {isa = PBXFileReference; fileEncoding = 4; lastKnownFileType = sourcecode.c.h; path = HACollectionViewLargeLayout.h; sourceTree = "<group>"; };
		1AFA136F18A11F5D00F2D2BF /* HACollectionViewLargeLayout.m */ = {isa = PBXFileReference; fileEncoding = 4; lastKnownFileType = sourcecode.c.objc; path = HACollectionViewLargeLayout.m; sourceTree = "<group>"; };
/* End PBXFileReference section */

/* Begin PBXFrameworksBuildPhase section */
		1AA0CC1218A07EBC008F50F6 /* Frameworks */ = {
			isa = PBXFrameworksBuildPhase;
			buildActionMask = 2147483647;
			files = (
				1AA0CC1B18A07EBC008F50F6 /* CoreGraphics.framework in Frameworks */,
				1AA0CC1D18A07EBC008F50F6 /* UIKit.framework in Frameworks */,
				1AA0CC1918A07EBC008F50F6 /* Foundation.framework in Frameworks */,
			);
			runOnlyForDeploymentPostprocessing = 0;
		};
		1AA0CC3318A07EBC008F50F6 /* Frameworks */ = {
			isa = PBXFrameworksBuildPhase;
			buildActionMask = 2147483647;
			files = (
				1AA0CC3818A07EBC008F50F6 /* XCTest.framework in Frameworks */,
				1AA0CC3A18A07EBC008F50F6 /* UIKit.framework in Frameworks */,
				1AA0CC3918A07EBC008F50F6 /* Foundation.framework in Frameworks */,
			);
			runOnlyForDeploymentPostprocessing = 0;
		};
/* End PBXFrameworksBuildPhase section */

/* Begin PBXGroup section */
		1A1B02C818AAEF83000DE3F8 /* Custom Layout */ = {
			isa = PBXGroup;
			children = (
				1AFA136B18A11E2400F2D2BF /* HACollectionViewSmallLayout.h */,
				1AFA136C18A11E2400F2D2BF /* HACollectionViewSmallLayout.m */,
				1AFA136E18A11F5D00F2D2BF /* HACollectionViewLargeLayout.h */,
				1AFA136F18A11F5D00F2D2BF /* HACollectionViewLargeLayout.m */,
			);
			name = "Custom Layout";
			sourceTree = "<group>";
		};
		1A1B02DB18AAF0C0000DE3F8 /* Transition */ = {
			isa = PBXGroup;
			children = (
				1A1B02D218AAF0B9000DE3F8 /* HATransitionController.h */,
				1A1B02D318AAF0B9000DE3F8 /* HATransitionController.m */,
				1A1B02D418AAF0B9000DE3F8 /* HATransitionLayout.h */,
				1A1B02D518AAF0B9000DE3F8 /* HATransitionLayout.m */,
			);
			name = Transition;
			sourceTree = "<group>";
		};
		1A1B02DC18AAF630000DE3F8 /* Base Colection */ = {
			isa = PBXGroup;
			children = (
				1A1B02C918AAF00D000DE3F8 /* HAPaperCollectionViewController.h */,
				1A1B02CA18AAF00D000DE3F8 /* HAPaperCollectionViewController.m */,
			);
			name = "Base Colection";
			sourceTree = "<group>";
		};
		1AA0CC0C18A07EBC008F50F6 = {
			isa = PBXGroup;
			children = (
				1AA0CC1E18A07EBC008F50F6 /* Paper */,
				1AA0CC3D18A07EBC008F50F6 /* PaperTests */,
				1AA0CC1718A07EBC008F50F6 /* Frameworks */,
				1AA0CC1618A07EBC008F50F6 /* Products */,
			);
			sourceTree = "<group>";
		};
		1AA0CC1618A07EBC008F50F6 /* Products */ = {
			isa = PBXGroup;
			children = (
				1AA0CC1518A07EBC008F50F6 /* Paper.app */,
				1AA0CC3618A07EBC008F50F6 /* PaperTests.xctest */,
			);
			name = Products;
			sourceTree = "<group>";
		};
		1AA0CC1718A07EBC008F50F6 /* Frameworks */ = {
			isa = PBXGroup;
			children = (
				1AA0CC1818A07EBC008F50F6 /* Foundation.framework */,
				1AA0CC1A18A07EBC008F50F6 /* CoreGraphics.framework */,
				1AA0CC1C18A07EBC008F50F6 /* UIKit.framework */,
				1AA0CC3718A07EBC008F50F6 /* XCTest.framework */,
			);
			name = Frameworks;
			sourceTree = "<group>";
		};
		1AA0CC1E18A07EBC008F50F6 /* Paper */ = {
			isa = PBXGroup;
			children = (
				1AA0CC2718A07EBC008F50F6 /* HAAppDelegate.h */,
				1AA0CC2818A07EBC008F50F6 /* HAAppDelegate.m */,
				1AA0CC2D18A07EBC008F50F6 /* HAViewController.h */,
				1AA0CC2E18A07EBC008F50F6 /* HAViewController.m */,
				1A1B02DD18AAF68A000DE3F8 /* HASmallCollectionViewController.h */,
				1A1B02DE18AAF68A000DE3F8 /* HASmallCollectionViewController.m */,
				1A1B02DC18AAF630000DE3F8 /* Base Colection */,
				1A1B02DB18AAF0C0000DE3F8 /* Transition */,
				1A1B02C818AAEF83000DE3F8 /* Custom Layout */,
				1AA0CC2A18A07EBC008F50F6 /* Main.storyboard */,
				1AA0CC3018A07EBC008F50F6 /* Images.xcassets */,
				1AA0CC1F18A07EBC008F50F6 /* Supporting Files */,
			);
			path = Paper;
			sourceTree = "<group>";
		};
		1AA0CC1F18A07EBC008F50F6 /* Supporting Files */ = {
			isa = PBXGroup;
			children = (
				1AA0CC2018A07EBC008F50F6 /* Paper-Info.plist */,
				1AA0CC2118A07EBC008F50F6 /* InfoPlist.strings */,
				1AA0CC2418A07EBC008F50F6 /* main.m */,
				1AA0CC2618A07EBC008F50F6 /* Paper-Prefix.pch */,
			);
			name = "Supporting Files";
			sourceTree = "<group>";
		};
		1AA0CC3D18A07EBC008F50F6 /* PaperTests */ = {
			isa = PBXGroup;
			children = (
				1AA0CC4318A07EBC008F50F6 /* PaperTests.m */,
				1AA0CC3E18A07EBC008F50F6 /* Supporting Files */,
			);
			path = PaperTests;
			sourceTree = "<group>";
		};
		1AA0CC3E18A07EBC008F50F6 /* Supporting Files */ = {
			isa = PBXGroup;
			children = (
				1AA0CC3F18A07EBC008F50F6 /* PaperTests-Info.plist */,
				1AA0CC4018A07EBC008F50F6 /* InfoPlist.strings */,
			);
			name = "Supporting Files";
			sourceTree = "<group>";
		};
/* End PBXGroup section */

/* Begin PBXNativeTarget section */
		1AA0CC1418A07EBC008F50F6 /* Paper */ = {
			isa = PBXNativeTarget;
			buildConfigurationList = 1AA0CC4718A07EBC008F50F6 /* Build configuration list for PBXNativeTarget "Paper" */;
			buildPhases = (
				1AA0CC1118A07EBC008F50F6 /* Sources */,
				1AA0CC1218A07EBC008F50F6 /* Frameworks */,
				1AA0CC1318A07EBC008F50F6 /* Resources */,
			);
			buildRules = (
			);
			dependencies = (
			);
			name = Paper;
			productName = Paper;
			productReference = 1AA0CC1518A07EBC008F50F6 /* Paper.app */;
			productType = "com.apple.product-type.application";
		};
		1AA0CC3518A07EBC008F50F6 /* PaperTests */ = {
			isa = PBXNativeTarget;
			buildConfigurationList = 1AA0CC4A18A07EBC008F50F6 /* Build configuration list for PBXNativeTarget "PaperTests" */;
			buildPhases = (
				1AA0CC3218A07EBC008F50F6 /* Sources */,
				1AA0CC3318A07EBC008F50F6 /* Frameworks */,
				1AA0CC3418A07EBC008F50F6 /* Resources */,
			);
			buildRules = (
			);
			dependencies = (
				1AA0CC3C18A07EBC008F50F6 /* PBXTargetDependency */,
			);
			name = PaperTests;
			productName = PaperTests;
			productReference = 1AA0CC3618A07EBC008F50F6 /* PaperTests.xctest */;
			productType = "com.apple.product-type.bundle.unit-test";
		};
/* End PBXNativeTarget section */

/* Begin PBXProject section */
		1AA0CC0D18A07EBC008F50F6 /* Project object */ = {
			isa = PBXProject;
			attributes = {
				CLASSPREFIX = HA;
				LastUpgradeCheck = 0500;
				ORGANIZATIONNAME = "Heberti Almeida";
				TargetAttributes = {
					1AA0CC3518A07EBC008F50F6 = {
						TestTargetID = 1AA0CC1418A07EBC008F50F6;
					};
				};
			};
			buildConfigurationList = 1AA0CC1018A07EBC008F50F6 /* Build configuration list for PBXProject "Paper" */;
			compatibilityVersion = "Xcode 3.2";
			developmentRegion = English;
			hasScannedForEncodings = 0;
			knownRegions = (
				en,
				Base,
			);
			mainGroup = 1AA0CC0C18A07EBC008F50F6;
			productRefGroup = 1AA0CC1618A07EBC008F50F6 /* Products */;
			projectDirPath = "";
			projectRoot = "";
			targets = (
				1AA0CC1418A07EBC008F50F6 /* Paper */,
				1AA0CC3518A07EBC008F50F6 /* PaperTests */,
			);
		};
/* End PBXProject section */

/* Begin PBXResourcesBuildPhase section */
		1AA0CC1318A07EBC008F50F6 /* Resources */ = {
			isa = PBXResourcesBuildPhase;
			buildActionMask = 2147483647;
			files = (
				1AA0CC3118A07EBC008F50F6 /* Images.xcassets in Resources */,
				1AA0CC2318A07EBC008F50F6 /* InfoPlist.strings in Resources */,
				1AA0CC2C18A07EBC008F50F6 /* Main.storyboard in Resources */,
			);
			runOnlyForDeploymentPostprocessing = 0;
		};
		1AA0CC3418A07EBC008F50F6 /* Resources */ = {
			isa = PBXResourcesBuildPhase;
			buildActionMask = 2147483647;
			files = (
				1AA0CC4218A07EBC008F50F6 /* InfoPlist.strings in Resources */,
			);
			runOnlyForDeploymentPostprocessing = 0;
		};
/* End PBXResourcesBuildPhase section */

/* Begin PBXSourcesBuildPhase section */
		1AA0CC1118A07EBC008F50F6 /* Sources */ = {
			isa = PBXSourcesBuildPhase;
			buildActionMask = 2147483647;
			files = (
				1A1B02D918AAF0B9000DE3F8 /* HATransitionController.m in Sources */,
				1AA0CC2F18A07EBC008F50F6 /* HAViewController.m in Sources */,
				1AFA137018A11F5D00F2D2BF /* HACollectionViewLargeLayout.m in Sources */,
				1A1B02CB18AAF00D000DE3F8 /* HAPaperCollectionViewController.m in Sources */,
				1AA0CC2518A07EBC008F50F6 /* main.m in Sources */,
				1A1B02DA18AAF0B9000DE3F8 /* HATransitionLayout.m in Sources */,
				1AA0CC2918A07EBC008F50F6 /* HAAppDelegate.m in Sources */,
				1AFA136D18A11E2400F2D2BF /* HACollectionViewSmallLayout.m in Sources */,
				1A1B02DF18AAF68A000DE3F8 /* HASmallCollectionViewController.m in Sources */,
			);
			runOnlyForDeploymentPostprocessing = 0;
		};
		1AA0CC3218A07EBC008F50F6 /* Sources */ = {
			isa = PBXSourcesBuildPhase;
			buildActionMask = 2147483647;
			files = (
				1AA0CC4418A07EBC008F50F6 /* PaperTests.m in Sources */,
			);
			runOnlyForDeploymentPostprocessing = 0;
		};
/* End PBXSourcesBuildPhase section */

/* Begin PBXTargetDependency section */
		1AA0CC3C18A07EBC008F50F6 /* PBXTargetDependency */ = {
			isa = PBXTargetDependency;
			target = 1AA0CC1418A07EBC008F50F6 /* Paper */;
			targetProxy = 1AA0CC3B18A07EBC008F50F6 /* PBXContainerItemProxy */;
		};
/* End PBXTargetDependency section */

/* Begin PBXVariantGroup section */
		1AA0CC2118A07EBC008F50F6 /* InfoPlist.strings */ = {
			isa = PBXVariantGroup;
			children = (
				1AA0CC2218A07EBC008F50F6 /* en */,
			);
			name = InfoPlist.strings;
			sourceTree = "<group>";
		};
		1AA0CC2A18A07EBC008F50F6 /* Main.storyboard */ = {
			isa = PBXVariantGroup;
			children = (
				1AA0CC2B18A07EBC008F50F6 /* Base */,
			);
			name = Main.storyboard;
			sourceTree = "<group>";
		};
		1AA0CC4018A07EBC008F50F6 /* InfoPlist.strings */ = {
			isa = PBXVariantGroup;
			children = (
				1AA0CC4118A07EBC008F50F6 /* en */,
			);
			name = InfoPlist.strings;
			sourceTree = "<group>";
		};
/* End PBXVariantGroup section */

/* Begin XCBuildConfiguration section */
		1AA0CC4518A07EBC008F50F6 /* Debug */ = {
			isa = XCBuildConfiguration;
			buildSettings = {
				ALWAYS_SEARCH_USER_PATHS = NO;
				ARCHS = "$(ARCHS_STANDARD_INCLUDING_64_BIT)";
				CLANG_CXX_LANGUAGE_STANDARD = "gnu++0x";
				CLANG_CXX_LIBRARY = "libc++";
				CLANG_ENABLE_MODULES = YES;
				CLANG_ENABLE_OBJC_ARC = YES;
				CLANG_WARN_BOOL_CONVERSION = YES;
				CLANG_WARN_CONSTANT_CONVERSION = YES;
				CLANG_WARN_DIRECT_OBJC_ISA_USAGE = YES_ERROR;
				CLANG_WARN_EMPTY_BODY = YES;
				CLANG_WARN_ENUM_CONVERSION = YES;
				CLANG_WARN_INT_CONVERSION = YES;
				CLANG_WARN_OBJC_ROOT_CLASS = YES_ERROR;
				CLANG_WARN__DUPLICATE_METHOD_MATCH = YES;
				"CODE_SIGN_IDENTITY[sdk=iphoneos*]" = "iPhone Developer";
				COPY_PHASE_STRIP = NO;
				GCC_C_LANGUAGE_STANDARD = gnu99;
				GCC_DYNAMIC_NO_PIC = NO;
				GCC_OPTIMIZATION_LEVEL = 0;
				GCC_PREPROCESSOR_DEFINITIONS = (
					"DEBUG=1",
					"$(inherited)",
				);
				GCC_SYMBOLS_PRIVATE_EXTERN = NO;
				GCC_WARN_64_TO_32_BIT_CONVERSION = YES;
				GCC_WARN_ABOUT_RETURN_TYPE = YES_ERROR;
				GCC_WARN_UNDECLARED_SELECTOR = YES;
				GCC_WARN_UNINITIALIZED_AUTOS = YES;
				GCC_WARN_UNUSED_FUNCTION = YES;
				GCC_WARN_UNUSED_VARIABLE = YES;
				IPHONEOS_DEPLOYMENT_TARGET = 7.0;
				ONLY_ACTIVE_ARCH = YES;
				SDKROOT = iphoneos;
			};
			name = Debug;
		};
		1AA0CC4618A07EBC008F50F6 /* Release */ = {
			isa = XCBuildConfiguration;
			buildSettings = {
				ALWAYS_SEARCH_USER_PATHS = NO;
				ARCHS = "$(ARCHS_STANDARD_INCLUDING_64_BIT)";
				CLANG_CXX_LANGUAGE_STANDARD = "gnu++0x";
				CLANG_CXX_LIBRARY = "libc++";
				CLANG_ENABLE_MODULES = YES;
				CLANG_ENABLE_OBJC_ARC = YES;
				CLANG_WARN_BOOL_CONVERSION = YES;
				CLANG_WARN_CONSTANT_CONVERSION = YES;
				CLANG_WARN_DIRECT_OBJC_ISA_USAGE = YES_ERROR;
				CLANG_WARN_EMPTY_BODY = YES;
				CLANG_WARN_ENUM_CONVERSION = YES;
				CLANG_WARN_INT_CONVERSION = YES;
				CLANG_WARN_OBJC_ROOT_CLASS = YES_ERROR;
				CLANG_WARN__DUPLICATE_METHOD_MATCH = YES;
				"CODE_SIGN_IDENTITY[sdk=iphoneos*]" = "iPhone Developer";
				COPY_PHASE_STRIP = YES;
				ENABLE_NS_ASSERTIONS = NO;
				GCC_C_LANGUAGE_STANDARD = gnu99;
				GCC_WARN_64_TO_32_BIT_CONVERSION = YES;
				GCC_WARN_ABOUT_RETURN_TYPE = YES_ERROR;
				GCC_WARN_UNDECLARED_SELECTOR = YES;
				GCC_WARN_UNINITIALIZED_AUTOS = YES;
				GCC_WARN_UNUSED_FUNCTION = YES;
				GCC_WARN_UNUSED_VARIABLE = YES;
				IPHONEOS_DEPLOYMENT_TARGET = 7.0;
				SDKROOT = iphoneos;
				VALIDATE_PRODUCT = YES;
			};
			name = Release;
		};
		1AA0CC4818A07EBC008F50F6 /* Debug */ = {
			isa = XCBuildConfiguration;
			buildSettings = {
				ASSETCATALOG_COMPILER_APPICON_NAME = AppIcon;
				ASSETCATALOG_COMPILER_LAUNCHIMAGE_NAME = LaunchImage;
				GCC_PRECOMPILE_PREFIX_HEADER = YES;
				GCC_PREFIX_HEADER = "Paper/Paper-Prefix.pch";
				INFOPLIST_FILE = "Paper/Paper-Info.plist";
				PRODUCT_NAME = "$(TARGET_NAME)";
				WRAPPER_EXTENSION = app;
			};
			name = Debug;
		};
		1AA0CC4918A07EBC008F50F6 /* Release */ = {
			isa = XCBuildConfiguration;
			buildSettings = {
				ASSETCATALOG_COMPILER_APPICON_NAME = AppIcon;
				ASSETCATALOG_COMPILER_LAUNCHIMAGE_NAME = LaunchImage;
				GCC_PRECOMPILE_PREFIX_HEADER = YES;
				GCC_PREFIX_HEADER = "Paper/Paper-Prefix.pch";
				INFOPLIST_FILE = "Paper/Paper-Info.plist";
				PRODUCT_NAME = "$(TARGET_NAME)";
				WRAPPER_EXTENSION = app;
			};
			name = Release;
		};
		1AA0CC4B18A07EBC008F50F6 /* Debug */ = {
			isa = XCBuildConfiguration;
			buildSettings = {
				ARCHS = "$(ARCHS_STANDARD_INCLUDING_64_BIT)";
				BUNDLE_LOADER = "$(BUILT_PRODUCTS_DIR)/Paper.app/Paper";
				FRAMEWORK_SEARCH_PATHS = (
					"$(SDKROOT)/Developer/Library/Frameworks",
					"$(inherited)",
					"$(DEVELOPER_FRAMEWORKS_DIR)",
				);
				GCC_PRECOMPILE_PREFIX_HEADER = YES;
				GCC_PREFIX_HEADER = "Paper/Paper-Prefix.pch";
				GCC_PREPROCESSOR_DEFINITIONS = (
					"DEBUG=1",
					"$(inherited)",
				);
				INFOPLIST_FILE = "PaperTests/PaperTests-Info.plist";
				PRODUCT_NAME = "$(TARGET_NAME)";
				TEST_HOST = "$(BUNDLE_LOADER)";
				WRAPPER_EXTENSION = xctest;
			};
			name = Debug;
		};
		1AA0CC4C18A07EBC008F50F6 /* Release */ = {
			isa = XCBuildConfiguration;
			buildSettings = {
				ARCHS = "$(ARCHS_STANDARD_INCLUDING_64_BIT)";
				BUNDLE_LOADER = "$(BUILT_PRODUCTS_DIR)/Paper.app/Paper";
				FRAMEWORK_SEARCH_PATHS = (
					"$(SDKROOT)/Developer/Library/Frameworks",
					"$(inherited)",
					"$(DEVELOPER_FRAMEWORKS_DIR)",
				);
				GCC_PRECOMPILE_PREFIX_HEADER = YES;
				GCC_PREFIX_HEADER = "Paper/Paper-Prefix.pch";
				INFOPLIST_FILE = "PaperTests/PaperTests-Info.plist";
				PRODUCT_NAME = "$(TARGET_NAME)";
				TEST_HOST = "$(BUNDLE_LOADER)";
				WRAPPER_EXTENSION = xctest;
			};
			name = Release;
		};
/* End XCBuildConfiguration section */

/* Begin XCConfigurationList section */
		1AA0CC1018A07EBC008F50F6 /* Build configuration list for PBXProject "Paper" */ = {
			isa = XCConfigurationList;
			buildConfigurations = (
				1AA0CC4518A07EBC008F50F6 /* Debug */,
				1AA0CC4618A07EBC008F50F6 /* Release */,
			);
			defaultConfigurationIsVisible = 0;
			defaultConfigurationName = Release;
		};
		1AA0CC4718A07EBC008F50F6 /* Build configuration list for PBXNativeTarget "Paper" */ = {
			isa = XCConfigurationList;
			buildConfigurations = (
				1AA0CC4818A07EBC008F50F6 /* Debug */,
				1AA0CC4918A07EBC008F50F6 /* Release */,
			);
			defaultConfigurationIsVisible = 0;
			defaultConfigurationName = Release;
		};
		1AA0CC4A18A07EBC008F50F6 /* Build configuration list for PBXNativeTarget "PaperTests" */ = {
			isa = XCConfigurationList;
			buildConfigurations = (
				1AA0CC4B18A07EBC008F50F6 /* Debug */,
				1AA0CC4C18A07EBC008F50F6 /* Release */,
			);
			defaultConfigurationIsVisible = 0;
			defaultConfigurationName = Release;
		};
/* End XCConfigurationList section */
	};
	rootObject = 1AA0CC0D18A07EBC008F50F6 /* Project object */;
}
